
Microsoft Visual Studio Solution File, Format Version 12.00
# Visual Studio Version 16
VisualStudioVersion = 16.0.29911.84
MinimumVisualStudioVersion = 10.0.40219.1
Project("{FAE04EC0-301F-11D3-BF4B-00C04F79EFBC}") = "PPO_Kursach", "PPO_Kursach.csproj", "{4DBA73DF-D759-47C6-BF20-F9C983E664B5}"
EndProject
Global
	GlobalSection(SolutionConfigurationPlatforms) = preSolution
		Debug|Any CPU = Debug|Any CPU
		Release|Any CPU = Release|Any CPU
	EndGlobalSection
	GlobalSection(ProjectConfigurationPlatforms) = postSolution
		{4DBA73DF-D759-47C6-BF20-F9C983E664B5}.Debug|Any CPU.ActiveCfg = Debug|Any CPU
		{4DBA73DF-D759-47C6-BF20-F9C983E664B5}.Debug|Any CPU.Build.0 = Debug|Any CPU
		{4DBA73DF-D759-47C6-BF20-F9C983E664B5}.Release|Any CPU.ActiveCfg = Release|Any CPU
		{4DBA73DF-D759-47C6-BF20-F9C983E664B5}.Release|Any CPU.Build.0 = Release|Any CPU
	EndGlobalSection
	GlobalSection(SolutionProperties) = preSolution
		HideSolutionNode = FALSE
	EndGlobalSection
	GlobalSection(ExtensibilityGlobals) = postSolution
		SolutionGuid = {B1E68969-1657-4925-BE27-C6D0FA2E0AA7}
	EndGlobalSection
EndGlobal
